
Microsoft Visual Studio Solution File, Format Version 12.00
# Visual Studio 14
VisualStudioVersion = 14.0.24720.0
MinimumVisualStudioVersion = 10.0.40219.1
Project("{2150E333-8FDC-42A3-9474-1A3956D46DE8}") = "TuttoElliUW81", "TuttoElliUW81", "{F56AA515-78FE-4849-9F9A-61D4BE8BC5E7}"
EndProject
Project("{D954291E-2A0B-460D-934E-DC6B0785DB48}") = "TuttoElliUW81.Shared", "TuttoElliUW81\TuttoElliUW81.Shared\TuttoElliUW81.Shared.shproj", "{B1403F60-1DD5-41D5-936D-2119071FBDB7}"
EndProject
Project("{FAE04EC0-301F-11D3-BF4B-00C04F79EFBC}") = "TuttoElliUW81.Windows", "TuttoElliUW81\TuttoElliUW81.Windows\TuttoElliUW81.Windows.csproj", "{172CF090-346B-41A9-A008-2B7E9AD0A287}"
EndProject
Project("{FAE04EC0-301F-11D3-BF4B-00C04F79EFBC}") = "TuttoElliUW81.WindowsPhone", "TuttoElliUW81\TuttoElliUW81.WindowsPhone\TuttoElliUW81.WindowsPhone.csproj", "{F7023046-D442-4CC8-9531-14FAA6FCDFF1}"
EndProject
Global
	GlobalSection(SharedMSBuildProjectFiles) = preSolution
		TuttoElliUW81\TuttoElliUW81.Shared\TuttoElliUW81.Shared.projitems*{b1403f60-1dd5-41d5-936d-2119071fbdb7}*SharedItemsImports = 13
		TuttoElliUW81\TuttoElliUW81.Shared\TuttoElliUW81.Shared.projitems*{172cf090-346b-41a9-a008-2b7e9ad0a287}*SharedItemsImports = 4
		TuttoElliUW81\TuttoElliUW81.Shared\TuttoElliUW81.Shared.projitems*{f7023046-d442-4cc8-9531-14faa6fcdff1}*SharedItemsImports = 4
	EndGlobalSection
	GlobalSection(SolutionConfigurationPlatforms) = preSolution
		Debug|Any CPU = Debug|Any CPU
		Debug|ARM = Debug|ARM
		Debug|x64 = Debug|x64
		Debug|x86 = Debug|x86
		Release|Any CPU = Release|Any CPU
		Release|ARM = Release|ARM
		Release|x64 = Release|x64
		Release|x86 = Release|x86
	EndGlobalSection
	GlobalSection(ProjectConfigurationPlatforms) = postSolution
		{172CF090-346B-41A9-A008-2B7E9AD0A287}.Debug|Any CPU.ActiveCfg = Debug|Any CPU
		{172CF090-346B-41A9-A008-2B7E9AD0A287}.Debug|Any CPU.Build.0 = Debug|Any CPU
		{172CF090-346B-41A9-A008-2B7E9AD0A287}.Debug|Any CPU.Deploy.0 = Debug|Any CPU
		{172CF090-346B-41A9-A008-2B7E9AD0A287}.Debug|ARM.ActiveCfg = Debug|ARM
		{172CF090-346B-41A9-A008-2B7E9AD0A287}.Debug|ARM.Build.0 = Debug|ARM
		{172CF090-346B-41A9-A008-2B7E9AD0A287}.Debug|ARM.Deploy.0 = Debug|ARM
		{172CF090-346B-41A9-A008-2B7E9AD0A287}.Debug|x64.ActiveCfg = Debug|x64
		{172CF090-346B-41A9-A008-2B7E9AD0A287}.Debug|x64.Build.0 = Debug|x64
		{172CF090-346B-41A9-A008-2B7E9AD0A287}.Debug|x64.Deploy.0 = Debug|x64
		{172CF090-346B-41A9-A008-2B7E9AD0A287}.Debug|x86.ActiveCfg = Debug|x86
		{172CF090-346B-41A9-A008-2B7E9AD0A287}.Debug|x86.Build.0 = Debug|x86
		{172CF090-346B-41A9-A008-2B7E9AD0A287}.Debug|x86.Deploy.0 = Debug|x86
		{172CF090-346B-41A9-A008-2B7E9AD0A287}.Release|Any CPU.ActiveCfg = Release|Any CPU
		{172CF090-346B-41A9-A008-2B7E9AD0A287}.Release|Any CPU.Build.0 = Release|Any CPU
		{172CF090-346B-41A9-A008-2B7E9AD0A287}.Release|Any CPU.Deploy.0 = Release|Any CPU
		{172CF090-346B-41A9-A008-2B7E9AD0A287}.Release|ARM.ActiveCfg = Release|ARM
		{172CF090-346B-41A9-A008-2B7E9AD0A287}.Release|ARM.Build.0 = Release|ARM
		{172CF090-346B-41A9-A008-2B7E9AD0A287}.Release|ARM.Deploy.0 = Release|ARM
		{172CF090-346B-41A9-A008-2B7E9AD0A287}.Release|x64.ActiveCfg = Release|x64
		{172CF090-346B-41A9-A008-2B7E9AD0A287}.Release|x64.Build.0 = Release|x64
		{172CF090-346B-41A9-A008-2B7E9AD0A287}.Release|x64.Deploy.0 = Release|x64
		{172CF090-346B-41A9-A008-2B7E9AD0A287}.Release|x86.ActiveCfg = Release|x86
		{172CF090-346B-41A9-A008-2B7E9AD0A287}.Release|x86.Build.0 = Release|x86
		{172CF090-346B-41A9-A008-2B7E9AD0A287}.Release|x86.Deploy.0 = Release|x86
		{F7023046-D442-4CC8-9531-14FAA6FCDFF1}.Debug|Any CPU.ActiveCfg = Debug|Any CPU
		{F7023046-D442-4CC8-9531-14FAA6FCDFF1}.Debug|Any CPU.Build.0 = Debug|Any CPU
		{F7023046-D442-4CC8-9531-14FAA6FCDFF1}.Debug|Any CPU.Deploy.0 = Debug|Any CPU
		{F7023046-D442-4CC8-9531-14FAA6FCDFF1}.Debug|ARM.ActiveCfg = Debug|ARM
		{F7023046-D442-4CC8-9531-14FAA6FCDFF1}.Debug|ARM.Build.0 = Debug|ARM
		{F7023046-D442-4CC8-9531-14FAA6FCDFF1}.Debug|ARM.Deploy.0 = Debug|ARM
		{F7023046-D442-4CC8-9531-14FAA6FCDFF1}.Debug|x64.ActiveCfg = Debug|Any CPU
		{F7023046-D442-4CC8-9531-14FAA6FCDFF1}.Debug|x64.Build.0 = Debug|Any CPU
		{F7023046-D442-4CC8-9531-14FAA6FCDFF1}.Debug|x64.Deploy.0 = Debug|Any CPU
		{F7023046-D442-4CC8-9531-14FAA6FCDFF1}.Debug|x86.ActiveCfg = Debug|x86
		{F7023046-D442-4CC8-9531-14FAA6FCDFF1}.Debug|x86.Build.0 = Debug|x86
		{F7023046-D442-4CC8-9531-14FAA6FCDFF1}.Debug|x86.Deploy.0 = Debug|x86
		{F7023046-D442-4CC8-9531-14FAA6FCDFF1}.Release|Any CPU.ActiveCfg = Release|Any CPU
		{F7023046-D442-4CC8-9531-14FAA6FCDFF1}.Release|Any CPU.Build.0 = Release|Any CPU
		{F7023046-D442-4CC8-9531-14FAA6FCDFF1}.Release|Any CPU.Deploy.0 = Release|Any CPU
		{F7023046-D442-4CC8-9531-14FAA6FCDFF1}.Release|ARM.ActiveCfg = Release|ARM
		{F7023046-D442-4CC8-9531-14FAA6FCDFF1}.Release|ARM.Build.0 = Release|ARM
		{F7023046-D442-4CC8-9531-14FAA6FCDFF1}.Release|ARM.Deploy.0 = Release|ARM
		{F7023046-D442-4CC8-9531-14FAA6FCDFF1}.Release|x64.ActiveCfg = Release|Any CPU
		{F7023046-D442-4CC8-9531-14FAA6FCDFF1}.Release|x64.Build.0 = Release|Any CPU
		{F7023046-D442-4CC8-9531-14FAA6FCDFF1}.Release|x64.Deploy.0 = Release|Any CPU
		{F7023046-D442-4CC8-9531-14FAA6FCDFF1}.Release|x86.ActiveCfg = Release|x86
		{F7023046-D442-4CC8-9531-14FAA6FCDFF1}.Release|x86.Build.0 = Release|x86
		{F7023046-D442-4CC8-9531-14FAA6FCDFF1}.Release|x86.Deploy.0 = Release|x86
	EndGlobalSection
	GlobalSection(SolutionProperties) = preSolution
		HideSolutionNode = FALSE
	EndGlobalSection
	GlobalSection(NestedProjects) = preSolution
		{B1403F60-1DD5-41D5-936D-2119071FBDB7} = {F56AA515-78FE-4849-9F9A-61D4BE8BC5E7}
		{172CF090-346B-41A9-A008-2B7E9AD0A287} = {F56AA515-78FE-4849-9F9A-61D4BE8BC5E7}
		{F7023046-D442-4CC8-9531-14FAA6FCDFF1} = {F56AA515-78FE-4849-9F9A-61D4BE8BC5E7}
	EndGlobalSection
EndGlobal
